
Microsoft Visual Studio Solution File, Format Version 12.00
# Visual Studio Version 17
VisualStudioVersion = 17.4.33213.308
MinimumVisualStudioVersion = 10.0.40219.1
Project("{9A19103F-16F7-4668-BE54-9A1E7A4F7556}") = "Infrastructure", "Infrastructure\Infrastructure.csproj", "{D0648463-ED3B-4344-9DAA-7DAFEC369F18}"
EndProject
Project("{FAE04EC0-301F-11D3-BF4B-00C04F79EFBC}") = "FashionShop", "FashionShop\FashionShop.csproj", "{9B675461-A9EF-4383-8EFA-43387EC3BCDA}"
EndProject
Project("{FAE04EC0-301F-11D3-BF4B-00C04F79EFBC}") = "Admin", "Admin\Admin.csproj", "{6093DC17-A43C-4A9B-B0AE-904E375001D4}"
EndProject
Global
	GlobalSection(SolutionConfigurationPlatforms) = preSolution
		Debug|Any CPU = Debug|Any CPU
		Release|Any CPU = Release|Any CPU
	EndGlobalSection
	GlobalSection(ProjectConfigurationPlatforms) = postSolution
		{D0648463-ED3B-4344-9DAA-7DAFEC369F18}.Debug|Any CPU.ActiveCfg = Debug|Any CPU
		{D0648463-ED3B-4344-9DAA-7DAFEC369F18}.Debug|Any CPU.Build.0 = Debug|Any CPU
		{D0648463-ED3B-4344-9DAA-7DAFEC369F18}.Release|Any CPU.ActiveCfg = Release|Any CPU
		{D0648463-ED3B-4344-9DAA-7DAFEC369F18}.Release|Any CPU.Build.0 = Release|Any CPU
		{9B675461-A9EF-4383-8EFA-43387EC3BCDA}.Debug|Any CPU.ActiveCfg = Debug|Any CPU
		{9B675461-A9EF-4383-8EFA-43387EC3BCDA}.Debug|Any CPU.Build.0 = Debug|Any CPU
		{9B675461-A9EF-4383-8EFA-43387EC3BCDA}.Release|Any CPU.ActiveCfg = Release|Any CPU
		{9B675461-A9EF-4383-8EFA-43387EC3BCDA}.Release|Any CPU.Build.0 = Release|Any CPU
		{6093DC17-A43C-4A9B-B0AE-904E375001D4}.Debug|Any CPU.ActiveCfg = Debug|Any CPU
		{6093DC17-A43C-4A9B-B0AE-904E375001D4}.Debug|Any CPU.Build.0 = Debug|Any CPU
		{6093DC17-A43C-4A9B-B0AE-904E375001D4}.Release|Any CPU.ActiveCfg = Release|Any CPU
		{6093DC17-A43C-4A9B-B0AE-904E375001D4}.Release|Any CPU.Build.0 = Release|Any CPU
	EndGlobalSection
	GlobalSection(SolutionProperties) = preSolution
		HideSolutionNode = FALSE
	EndGlobalSection
	GlobalSection(ExtensibilityGlobals) = postSolution
		SolutionGuid = {3D8DA685-3EE7-4B78-A95E-03D0CA6FEC32}
	EndGlobalSection
EndGlobal
