
Microsoft Visual Studio Solution File, Format Version 12.00
# Visual Studio Version 17
VisualStudioVersion = 17.4.33213.308
MinimumVisualStudioVersion = 10.0.40219.1
Project("{FAE04EC0-301F-11D3-BF4B-00C04F79EFBC}") = "FashionShop", "FashionShop\FashionShop.csproj", "{7CB4E07E-9E31-488C-AB3B-1923D487CB99}"
EndProject
Project("{FAE04EC0-301F-11D3-BF4B-00C04F79EFBC}") = "Infrastructure", "Infrastructure\Infrastructure.csproj", "{D0648463-ED3B-4344-9DAA-7DAFEC369F18}"
EndProject
Project("{FAE04EC0-301F-11D3-BF4B-00C04F79EFBC}") = "Admin", "Admin\Admin.csproj", "{F3C51A65-A968-4C10-A401-DE12B12557E0}"
EndProject
Global
	GlobalSection(SolutionConfigurationPlatforms) = preSolution
		Debug|Any CPU = Debug|Any CPU
		Release|Any CPU = Release|Any CPU
	EndGlobalSection
	GlobalSection(ProjectConfigurationPlatforms) = postSolution
		{7CB4E07E-9E31-488C-AB3B-1923D487CB99}.Debug|Any CPU.ActiveCfg = Debug|Any CPU
		{7CB4E07E-9E31-488C-AB3B-1923D487CB99}.Debug|Any CPU.Build.0 = Debug|Any CPU
		{7CB4E07E-9E31-488C-AB3B-1923D487CB99}.Release|Any CPU.ActiveCfg = Release|Any CPU
		{7CB4E07E-9E31-488C-AB3B-1923D487CB99}.Release|Any CPU.Build.0 = Release|Any CPU
		{D0648463-ED3B-4344-9DAA-7DAFEC369F18}.Debug|Any CPU.ActiveCfg = Debug|Any CPU
		{D0648463-ED3B-4344-9DAA-7DAFEC369F18}.Debug|Any CPU.Build.0 = Debug|Any CPU
		{D0648463-ED3B-4344-9DAA-7DAFEC369F18}.Release|Any CPU.ActiveCfg = Release|Any CPU
		{D0648463-ED3B-4344-9DAA-7DAFEC369F18}.Release|Any CPU.Build.0 = Release|Any CPU
		{F3C51A65-A968-4C10-A401-DE12B12557E0}.Debug|Any CPU.ActiveCfg = Debug|Any CPU
		{F3C51A65-A968-4C10-A401-DE12B12557E0}.Debug|Any CPU.Build.0 = Debug|Any CPU
		{F3C51A65-A968-4C10-A401-DE12B12557E0}.Release|Any CPU.ActiveCfg = Release|Any CPU
		{F3C51A65-A968-4C10-A401-DE12B12557E0}.Release|Any CPU.Build.0 = Release|Any CPU
	EndGlobalSection
	GlobalSection(SolutionProperties) = preSolution
		HideSolutionNode = FALSE
	EndGlobalSection
	GlobalSection(ExtensibilityGlobals) = postSolution
		SolutionGuid = {3D8DA685-3EE7-4B78-A95E-03D0CA6FEC32}
	EndGlobalSection
EndGlobal
